
Microsoft Visual Studio Solution File, Format Version 12.00
# Visual Studio 2013
VisualStudioVersion = 12.0.30110.0
MinimumVisualStudioVersion = 10.0.40219.1
Project("{FAE04EC0-301F-11D3-BF4B-00C04F79EFBC}") = "Compilation", "Compilation\Compilation.csproj", "{E44DC7CC-1879-4FB3-8707-792B627A43D9}"
EndProject
Project("{FAE04EC0-301F-11D3-BF4B-00C04F79EFBC}") = "TestCompilationLudic", "TestCompilationLudic\TestCompilationLudic.csproj", "{F8BF8327-B7FE-4914-9C85-90CDBCC63800}"
EndProject
Global
	GlobalSection(SolutionConfigurationPlatforms) = preSolution
		Debug|Any CPU = Debug|Any CPU
		Release|Any CPU = Release|Any CPU
	EndGlobalSection
	GlobalSection(ProjectConfigurationPlatforms) = postSolution
		{E44DC7CC-1879-4FB3-8707-792B627A43D9}.Debug|Any CPU.ActiveCfg = Debug|Any CPU
		{E44DC7CC-1879-4FB3-8707-792B627A43D9}.Debug|Any CPU.Build.0 = Debug|Any CPU
		{E44DC7CC-1879-4FB3-8707-792B627A43D9}.Release|Any CPU.ActiveCfg = Release|Any CPU
		{E44DC7CC-1879-4FB3-8707-792B627A43D9}.Release|Any CPU.Build.0 = Release|Any CPU
		{F8BF8327-B7FE-4914-9C85-90CDBCC63800}.Debug|Any CPU.ActiveCfg = Debug|Any CPU
		{F8BF8327-B7FE-4914-9C85-90CDBCC63800}.Debug|Any CPU.Build.0 = Debug|Any CPU
		{F8BF8327-B7FE-4914-9C85-90CDBCC63800}.Release|Any CPU.ActiveCfg = Release|Any CPU
		{F8BF8327-B7FE-4914-9C85-90CDBCC63800}.Release|Any CPU.Build.0 = Release|Any CPU
	EndGlobalSection
	GlobalSection(SolutionProperties) = preSolution
		HideSolutionNode = FALSE
	EndGlobalSection
EndGlobal
